// !$*UTF8*$!
{
	archiveVersion = 1;
	classes = {
	};
	objectVersion = 46;
	objects = {

/* Begin PBXBuildFile section */
		158F18DD152538D000A0FCAB /* UIKit.framework in Frameworks */ = {isa = PBXBuildFile; fileRef = 158F18DC152538D000A0FCAB /* UIKit.framework */; };
		158F18DF152538D000A0FCAB /* Foundation.framework in Frameworks */ = {isa = PBXBuildFile; fileRef = 158F18DE152538D000A0FCAB /* Foundation.framework */; };
		158F18E1152538D000A0FCAB /* CoreGraphics.framework in Frameworks */ = {isa = PBXBuildFile; fileRef = 158F18E0152538D000A0FCAB /* CoreGraphics.framework */; };
		158F18E7152538D000A0FCAB /* InfoPlist.strings in Resources */ = {isa = PBXBuildFile; fileRef = 158F18E5152538D000A0FCAB /* InfoPlist.strings */; };
		158F18E9152538D000A0FCAB /* main.m in Sources */ = {isa = PBXBuildFile; fileRef = 158F18E8152538D000A0FCAB /* main.m */; };
		158F18ED152538D000A0FCAB /* Project1AppDelegate.m in Sources */ = {isa = PBXBuildFile; fileRef = 158F18EC152538D000A0FCAB /* Project1AppDelegate.m */; };
		158F18F5152538D000A0FCAB /* SenTestingKit.framework in Frameworks */ = {isa = PBXBuildFile; fileRef = 158F18F4152538D000A0FCAB /* SenTestingKit.framework */; };
		158F18F6152538D000A0FCAB /* UIKit.framework in Frameworks */ = {isa = PBXBuildFile; fileRef = 158F18DC152538D000A0FCAB /* UIKit.framework */; };
		158F18F7152538D000A0FCAB /* Foundation.framework in Frameworks */ = {isa = PBXBuildFile; fileRef = 158F18DE152538D000A0FCAB /* Foundation.framework */; };
		158F18F8152538D000A0FCAB /* CoreGraphics.framework in Frameworks */ = {isa = PBXBuildFile; fileRef = 158F18E0152538D000A0FCAB /* CoreGraphics.framework */; };
		158F1900152538D000A0FCAB /* InfoPlist.strings in Resources */ = {isa = PBXBuildFile; fileRef = 158F18FE152538D000A0FCAB /* InfoPlist.strings */; };
		158F1903152538D100A0FCAB /* Project1Tests.m in Sources */ = {isa = PBXBuildFile; fileRef = 158F1902152538D100A0FCAB /* Project1Tests.m */; };
/* End PBXBuildFile section */

/* Begin PBXContainerItemProxy section */
		158F18F9152538D000A0FCAB /* PBXContainerItemProxy */ = {
			isa = PBXContainerItemProxy;
			containerPortal = 158F18CF152538CF00A0FCAB /* Project object */;
			proxyType = 1;
			remoteGlobalIDString = 158F18D7152538D000A0FCAB;
			remoteInfo = Project1;
		};
/* End PBXContainerItemProxy section */

/* Begin PBXFileReference section */
		158F18D8152538D000A0FCAB /* Project1.app */ = {isa = PBXFileReference; explicitFileType = wrapper.application; includeInIndex = 0; path = Project1.app; sourceTree = BUILT_PRODUCTS_DIR; };
		158F18DC152538D000A0FCAB /* UIKit.framework */ = {isa = PBXFileReference; lastKnownFileType = wrapper.framework; name = UIKit.framework; path = System/Library/Frameworks/UIKit.framework; sourceTree = SDKROOT; };
		158F18DE152538D000A0FCAB /* Foundation.framework */ = {isa = PBXFileReference; lastKnownFileType = wrapper.framework; name = Foundation.framework; path = System/Library/Frameworks/Foundation.framework; sourceTree = SDKROOT; };
		158F18E0152538D000A0FCAB /* CoreGraphics.framework */ = {isa = PBXFileReference; lastKnownFileType = wrapper.framework; name = CoreGraphics.framework; path = System/Library/Frameworks/CoreGraphics.framework; sourceTree = SDKROOT; };
		158F18E4152538D000A0FCAB /* Project1-Info.plist */ = {isa = PBXFileReference; lastKnownFileType = text.plist.xml; path = "Project1-Info.plist"; sourceTree = "<group>"; };
		158F18E6152538D000A0FCAB /* en */ = {isa = PBXFileReference; lastKnownFileType = text.plist.strings; name = en; path = en.lproj/InfoPlist.strings; sourceTree = "<group>"; };
		158F18E8152538D000A0FCAB /* main.m */ = {isa = PBXFileReference; lastKnownFileType = sourcecode.c.objc; path = main.m; sourceTree = "<group>"; };
		158F18EA152538D000A0FCAB /* Project1-Prefix.pch */ = {isa = PBXFileReference; lastKnownFileType = sourcecode.c.h; path = "Project1-Prefix.pch"; sourceTree = "<group>"; };
		158F18EB152538D000A0FCAB /* Project1AppDelegate.h */ = {isa = PBXFileReference; lastKnownFileType = sourcecode.c.h; path = Project1AppDelegate.h; sourceTree = "<group>"; };
		158F18EC152538D000A0FCAB /* Project1AppDelegate.m */ = {isa = PBXFileReference; lastKnownFileType = sourcecode.c.objc; path = Project1AppDelegate.m; sourceTree = "<group>"; };
		158F18F3152538D000A0FCAB /* Project1Tests.octest */ = {isa = PBXFileReference; explicitFileType = wrapper.cfbundle; includeInIndex = 0; path = Project1Tests.octest; sourceTree = BUILT_PRODUCTS_DIR; };
		158F18F4152538D000A0FCAB /* SenTestingKit.framework */ = {isa = PBXFileReference; lastKnownFileType = wrapper.framework; name = SenTestingKit.framework; path = Library/Frameworks/SenTestingKit.framework; sourceTree = DEVELOPER_DIR; };
		158F18FD152538D000A0FCAB /* Project1Tests-Info.plist */ = {isa = PBXFileReference; lastKnownFileType = text.plist.xml; path = "Project1Tests-Info.plist"; sourceTree = "<group>"; };
		158F18FF152538D000A0FCAB /* en */ = {isa = PBXFileReference; lastKnownFileType = text.plist.strings; name = en; path = en.lproj/InfoPlist.strings; sourceTree = "<group>"; };
		158F1901152538D100A0FCAB /* Project1Tests.h */ = {isa = PBXFileReference; lastKnownFileType = sourcecode.c.h; path = Project1Tests.h; sourceTree = "<group>"; };
		158F1902152538D100A0FCAB /* Project1Tests.m */ = {isa = PBXFileReference; lastKnownFileType = sourcecode.c.objc; path = Project1Tests.m; sourceTree = "<group>"; };
/* End PBXFileReference section */

/* Begin PBXFrameworksBuildPhase section */
		158F18D5152538D000A0FCAB /* Frameworks */ = {
			isa = PBXFrameworksBuildPhase;
			buildActionMask = 2147483647;
			files = (
				158F18DD152538D000A0FCAB /* UIKit.framework in Frameworks */,
				158F18DF152538D000A0FCAB /* Foundation.framework in Frameworks */,
				158F18E1152538D000A0FCAB /* CoreGraphics.framework in Frameworks */,
			);
			runOnlyForDeploymentPostprocessing = 0;
		};
		158F18EF152538D000A0FCAB /* Frameworks */ = {
			isa = PBXFrameworksBuildPhase;
			buildActionMask = 2147483647;
			files = (
				158F18F5152538D000A0FCAB /* SenTestingKit.framework in Frameworks */,
				158F18F6152538D000A0FCAB /* UIKit.framework in Frameworks */,
				158F18F7152538D000A0FCAB /* Foundation.framework in Frameworks */,
				158F18F8152538D000A0FCAB /* CoreGraphics.framework in Frameworks */,
			);
			runOnlyForDeploymentPostprocessing = 0;
		};
/* End PBXFrameworksBuildPhase section */

/* Begin PBXGroup section */
		158F18CD152538CF00A0FCAB = {
			isa = PBXGroup;
			children = (
				158F18E2152538D000A0FCAB /* Project1 */,
				158F18FB152538D000A0FCAB /* Project1Tests */,
				158F18DB152538D000A0FCAB /* Frameworks */,
				158F18D9152538D000A0FCAB /* Products */,
			);
			sourceTree = "<group>";
		};
		158F18D9152538D000A0FCAB /* Products */ = {
			isa = PBXGroup;
			children = (
				158F18D8152538D000A0FCAB /* Project1.app */,
				158F18F3152538D000A0FCAB /* Project1Tests.octest */,
			);
			name = Products;
			sourceTree = "<group>";
		};
		158F18DB152538D000A0FCAB /* Frameworks */ = {
			isa = PBXGroup;
			children = (
				158F18DC152538D000A0FCAB /* UIKit.framework */,
				158F18DE152538D000A0FCAB /* Foundation.framework */,
				158F18E0152538D000A0FCAB /* CoreGraphics.framework */,
				158F18F4152538D000A0FCAB /* SenTestingKit.framework */,
			);
			name = Frameworks;
			sourceTree = "<group>";
		};
		158F18E2152538D000A0FCAB /* Project1 */ = {
			isa = PBXGroup;
			children = (
				158F18EB152538D000A0FCAB /* Project1AppDelegate.h */,
				158F18EC152538D000A0FCAB /* Project1AppDelegate.m */,
				158F18E3152538D000A0FCAB /* Supporting Files */,
			);
			path = Project1;
			sourceTree = "<group>";
		};
		158F18E3152538D000A0FCAB /* Supporting Files */ = {
			isa = PBXGroup;
			children = (
				158F18E4152538D000A0FCAB /* Project1-Info.plist */,
				158F18E5152538D000A0FCAB /* InfoPlist.strings */,
				158F18E8152538D000A0FCAB /* main.m */,
				158F18EA152538D000A0FCAB /* Project1-Prefix.pch */,
			);
			name = "Supporting Files";
			sourceTree = "<group>";
		};
		158F18FB152538D000A0FCAB /* Project1Tests */ = {
			isa = PBXGroup;
			children = (
				158F1901152538D100A0FCAB /* Project1Tests.h */,
				158F1902152538D100A0FCAB /* Project1Tests.m */,
				158F18FC152538D000A0FCAB /* Supporting Files */,
			);
			path = Project1Tests;
			sourceTree = "<group>";
		};
		158F18FC152538D000A0FCAB /* Supporting Files */ = {
			isa = PBXGroup;
			children = (
				158F18FD152538D000A0FCAB /* Project1Tests-Info.plist */,
				158F18FE152538D000A0FCAB /* InfoPlist.strings */,
			);
			name = "Supporting Files";
			sourceTree = "<group>";
		};
/* End PBXGroup section */

/* Begin PBXNativeTarget section */
		158F18D7152538D000A0FCAB /* Project1 */ = {
			isa = PBXNativeTarget;
			buildConfigurationList = 158F1906152538D100A0FCAB /* Build configuration list for PBXNativeTarget "Project1" */;
			buildPhases = (
				158F18D4152538D000A0FCAB /* Sources */,
				158F18D5152538D000A0FCAB /* Frameworks */,
				158F18D6152538D000A0FCAB /* Resources */,
			);
			buildRules = (
			);
			dependencies = (
			);
			name = Project1;
			productName = Project1;
			productReference = 158F18D8152538D000A0FCAB /* Project1.app */;
			productType = "com.apple.product-type.application";
		};
		158F18F2152538D000A0FCAB /* Project1Tests */ = {
			isa = PBXNativeTarget;
			buildConfigurationList = 158F1909152538D100A0FCAB /* Build configuration list for PBXNativeTarget "Project1Tests" */;
			buildPhases = (
				158F18EE152538D000A0FCAB /* Sources */,
				158F18EF152538D000A0FCAB /* Frameworks */,
				158F18F0152538D000A0FCAB /* Resources */,
				158F18F1152538D000A0FCAB /* ShellScript */,
			);
			buildRules = (
			);
			dependencies = (
				158F18FA152538D000A0FCAB /* PBXTargetDependency */,
			);
			name = Project1Tests;
			productName = Project1Tests;
			productReference = 158F18F3152538D000A0FCAB /* Project1Tests.octest */;
			productType = "com.apple.product-type.bundle";
		};
/* End PBXNativeTarget section */

/* Begin PBXProject section */
		158F18CF152538CF00A0FCAB /* Project object */ = {
			isa = PBXProject;
			attributes = {
				LastUpgradeCheck = 0420;
			};
			buildConfigurationList = 158F18D2152538CF00A0FCAB /* Build configuration list for PBXProject "Project1" */;
			compatibilityVersion = "Xcode 3.2";
			developmentRegion = English;
			hasScannedForEncodings = 0;
			knownRegions = (
				en,
			);
			mainGroup = 158F18CD152538CF00A0FCAB;
			productRefGroup = 158F18D9152538D000A0FCAB /* Products */;
			projectDirPath = "";
			projectRoot = "";
			targets = (
				158F18D7152538D000A0FCAB /* Project1 */,
				158F18F2152538D000A0FCAB /* Project1Tests */,
			);
		};
/* End PBXProject section */

/* Begin PBXResourcesBuildPhase section */
		158F18D6152538D000A0FCAB /* Resources */ = {
			isa = PBXResourcesBuildPhase;
			buildActionMask = 2147483647;
			files = (
				158F18E7152538D000A0FCAB /* InfoPlist.strings in Resources */,
			);
			runOnlyForDeploymentPostprocessing = 0;
		};
		158F18F0152538D000A0FCAB /* Resources */ = {
			isa = PBXResourcesBuildPhase;
			buildActionMask = 2147483647;
			files = (
				158F1900152538D000A0FCAB /* InfoPlist.strings in Resources */,
			);
			runOnlyForDeploymentPostprocessing = 0;
		};
/* End PBXResourcesBuildPhase section */

/* Begin PBXShellScriptBuildPhase section */
		158F18F1152538D000A0FCAB /* ShellScript */ = {
			isa = PBXShellScriptBuildPhase;
			buildActionMask = 2147483647;
			files = (
			);
			inputPaths = (
			);
			outputPaths = (
			);
			runOnlyForDeploymentPostprocessing = 0;
			shellPath = /bin/sh;
			shellScript = "# Run the unit tests in this test bundle.\n\"${SYSTEM_DEVELOPER_DIR}/Tools/RunUnitTests\"\n";
		};
/* End PBXShellScriptBuildPhase section */

/* Begin PBXSourcesBuildPhase section */
		158F18D4152538D000A0FCAB /* Sources */ = {
			isa = PBXSourcesBuildPhase;
			buildActionMask = 2147483647;
			files = (
				158F18E9152538D000A0FCAB /* main.m in Sources */,
				158F18ED152538D000A0FCAB /* Project1AppDelegate.m in Sources */,
			);
			runOnlyForDeploymentPostprocessing = 0;
		};
		158F18EE152538D000A0FCAB /* Sources */ = {
			isa = PBXSourcesBuildPhase;
			buildActionMask = 2147483647;
			files = (
				158F1903152538D100A0FCAB /* Project1Tests.m in Sources */,
			);
			runOnlyForDeploymentPostprocessing = 0;
		};
/* End PBXSourcesBuildPhase section */

/* Begin PBXTargetDependency section */
		158F18FA152538D000A0FCAB /* PBXTargetDependency */ = {
			isa = PBXTargetDependency;
			target = 158F18D7152538D000A0FCAB /* Project1 */;
			targetProxy = 158F18F9152538D000A0FCAB /* PBXContainerItemProxy */;
		};
/* End PBXTargetDependency section */

/* Begin PBXVariantGroup section */
		158F18E5152538D000A0FCAB /* InfoPlist.strings */ = {
			isa = PBXVariantGroup;
			children = (
				158F18E6152538D000A0FCAB /* en */,
			);
			name = InfoPlist.strings;
			sourceTree = "<group>";
		};
		158F18FE152538D000A0FCAB /* InfoPlist.strings */ = {
			isa = PBXVariantGroup;
			children = (
				158F18FF152538D000A0FCAB /* en */,
			);
			name = InfoPlist.strings;
			sourceTree = "<group>";
		};
/* End PBXVariantGroup section */

/* Begin XCBuildConfiguration section */
		158F1904152538D100A0FCAB /* Debug */ = {
			isa = XCBuildConfiguration;
			buildSettings = {
				ALWAYS_SEARCH_USER_PATHS = NO;
				ARCHS = "$(ARCHS_STANDARD_32_BIT)";
				CLANG_ENABLE_OBJC_ARC = YES;
				"CODE_SIGN_IDENTITY[sdk=iphoneos*]" = "iPhone Developer";
				COPY_PHASE_STRIP = NO;
				GCC_C_LANGUAGE_STANDARD = gnu99;
				GCC_DYNAMIC_NO_PIC = NO;
				GCC_OPTIMIZATION_LEVEL = 0;
				GCC_PREPROCESSOR_DEFINITIONS = (
					"DEBUG=1",
					"$(inherited)",
				);
				GCC_SYMBOLS_PRIVATE_EXTERN = NO;
				GCC_VERSION = com.apple.compilers.llvm.clang.1_0;
				GCC_WARN_ABOUT_MISSING_PROTOTYPES = YES;
				GCC_WARN_ABOUT_RETURN_TYPE = YES;
				GCC_WARN_UNUSED_VARIABLE = YES;
				IPHONEOS_DEPLOYMENT_TARGET = 5.0;
				SDKROOT = iphoneos;
				TARGETED_DEVICE_FAMILY = 2;
			};
			name = Debug;
		};
		158F1905152538D100A0FCAB /* Release */ = {
			isa = XCBuildConfiguration;
			buildSettings = {
				ALWAYS_SEARCH_USER_PATHS = NO;
				ARCHS = "$(ARCHS_STANDARD_32_BIT)";
				CLANG_ENABLE_OBJC_ARC = YES;
				"CODE_SIGN_IDENTITY[sdk=iphoneos*]" = "iPhone Developer";
				COPY_PHASE_STRIP = YES;
				GCC_C_LANGUAGE_STANDARD = gnu99;
				GCC_VERSION = com.apple.compilers.llvm.clang.1_0;
				GCC_WARN_ABOUT_MISSING_PROTOTYPES = YES;
				GCC_WARN_ABOUT_RETURN_TYPE = YES;
				GCC_WARN_UNUSED_VARIABLE = YES;
				IPHONEOS_DEPLOYMENT_TARGET = 5.0;
				OTHER_CFLAGS = "-DNS_BLOCK_ASSERTIONS=1";
				SDKROOT = iphoneos;
				TARGETED_DEVICE_FAMILY = 2;
				VALIDATE_PRODUCT = YES;
			};
			name = Release;
		};
		158F1907152538D100A0FCAB /* Debug */ = {
			isa = XCBuildConfiguration;
			buildSettings = {
				GCC_PRECOMPILE_PREFIX_HEADER = YES;
				GCC_PREFIX_HEADER = "Project1/Project1-Prefix.pch";
				INFOPLIST_FILE = "Project1/Project1-Info.plist";
				PRODUCT_NAME = "$(TARGET_NAME)";
				WRAPPER_EXTENSION = app;
			};
			name = Debug;
		};
		158F1908152538D100A0FCAB /* Release */ = {
			isa = XCBuildConfiguration;
			buildSettings = {
				GCC_PRECOMPILE_PREFIX_HEADER = YES;
				GCC_PREFIX_HEADER = "Project1/Project1-Prefix.pch";
				INFOPLIST_FILE = "Project1/Project1-Info.plist";
				PRODUCT_NAME = "$(TARGET_NAME)";
				WRAPPER_EXTENSION = app;
			};
			name = Release;
		};
		158F190A152538D100A0FCAB /* Debug */ = {
			isa = XCBuildConfiguration;
			buildSettings = {
				BUNDLE_LOADER = "$(BUILT_PRODUCTS_DIR)/Project1.app/Project1";
				FRAMEWORK_SEARCH_PATHS = (
					"$(SDKROOT)/Developer/Library/Frameworks",
					"$(DEVELOPER_LIBRARY_DIR)/Frameworks",
				);
				GCC_PRECOMPILE_PREFIX_HEADER = YES;
				GCC_PREFIX_HEADER = "Project1/Project1-Prefix.pch";
				INFOPLIST_FILE = "Project1Tests/Project1Tests-Info.plist";
				PRODUCT_NAME = "$(TARGET_NAME)";
				TEST_HOST = "$(BUNDLE_LOADER)";
				WRAPPER_EXTENSION = octest;
			};
			name = Debug;
		};
		158F190B152538D100A0FCAB /* Release */ = {
			isa = XCBuildConfiguration;
			buildSettings = {
				BUNDLE_LOADER = "$(BUILT_PRODUCTS_DIR)/Project1.app/Project1";
				FRAMEWORK_SEARCH_PATHS = (
					"$(SDKROOT)/Developer/Library/Frameworks",
					"$(DEVELOPER_LIBRARY_DIR)/Frameworks",
				);
				GCC_PRECOMPILE_PREFIX_HEADER = YES;
				GCC_PREFIX_HEADER = "Project1/Project1-Prefix.pch";
				INFOPLIST_FILE = "Project1Tests/Project1Tests-Info.plist";
				PRODUCT_NAME = "$(TARGET_NAME)";
				TEST_HOST = "$(BUNDLE_LOADER)";
				WRAPPER_EXTENSION = octest;
			};
			name = Release;
		};
/* End XCBuildConfiguration section */

/* Begin XCConfigurationList section */
		158F18D2152538CF00A0FCAB /* Build configuration list for PBXProject "Project1" */ = {
			isa = XCConfigurationList;
			buildConfigurations = (
				158F1904152538D100A0FCAB /* Debug */,
				158F1905152538D100A0FCAB /* Release */,
			);
			defaultConfigurationIsVisible = 0;
			defaultConfigurationName = Release;
		};
		158F1906152538D100A0FCAB /* Build configuration list for PBXNativeTarget "Project1" */ = {
			isa = XCConfigurationList;
			buildConfigurations = (
				158F1907152538D100A0FCAB /* Debug */,
				158F1908152538D100A0FCAB /* Release */,
			);
			defaultConfigurationIsVisible = 0;
		};
		158F1909152538D100A0FCAB /* Build configuration list for PBXNativeTarget "Project1Tests" */ = {
			isa = XCConfigurationList;
			buildConfigurations = (
				158F190A152538D100A0FCAB /* Debug */,
				158F190B152538D100A0FCAB /* Release */,
			);
			defaultConfigurationIsVisible = 0;
		};
/* End XCConfigurationList section */
	};
	rootObject = 158F18CF152538CF00A0FCAB /* Project object */;
}
