// !$*UTF8*$!
{
	archiveVersion = 1;
	classes = {
	};
	objectVersion = 46;
	objects = {

/* Begin PBXBuildFile section */
		1589630B153F7C6D0045CA67 /* UIKit.framework in Frameworks */ = {isa = PBXBuildFile; fileRef = 1589630A153F7C6D0045CA67 /* UIKit.framework */; };
		1589630D153F7C6D0045CA67 /* Foundation.framework in Frameworks */ = {isa = PBXBuildFile; fileRef = 1589630C153F7C6D0045CA67 /* Foundation.framework */; };
		1589630F153F7C6D0045CA67 /* CoreGraphics.framework in Frameworks */ = {isa = PBXBuildFile; fileRef = 1589630E153F7C6D0045CA67 /* CoreGraphics.framework */; };
		15896315153F7C6D0045CA67 /* InfoPlist.strings in Resources */ = {isa = PBXBuildFile; fileRef = 15896313153F7C6D0045CA67 /* InfoPlist.strings */; };
		15896317153F7C6D0045CA67 /* main.m in Sources */ = {isa = PBXBuildFile; fileRef = 15896316153F7C6D0045CA67 /* main.m */; };
		1589631B153F7C6D0045CA67 /* Week3AppDelegate.m in Sources */ = {isa = PBXBuildFile; fileRef = 1589631A153F7C6D0045CA67 /* Week3AppDelegate.m */; };
		1589631E153F7C6D0045CA67 /* Week3ViewController.m in Sources */ = {isa = PBXBuildFile; fileRef = 1589631D153F7C6D0045CA67 /* Week3ViewController.m */; };
		15896321153F7C6D0045CA67 /* Week3ViewController_iPhone.xib in Resources */ = {isa = PBXBuildFile; fileRef = 1589631F153F7C6D0045CA67 /* Week3ViewController_iPhone.xib */; };
		15896324153F7C6D0045CA67 /* Week3ViewController_iPad.xib in Resources */ = {isa = PBXBuildFile; fileRef = 15896322153F7C6D0045CA67 /* Week3ViewController_iPad.xib */; };
/* End PBXBuildFile section */

/* Begin PBXFileReference section */
		15896306153F7C6D0045CA67 /* Week3.app */ = {isa = PBXFileReference; explicitFileType = wrapper.application; includeInIndex = 0; path = Week3.app; sourceTree = BUILT_PRODUCTS_DIR; };
		1589630A153F7C6D0045CA67 /* UIKit.framework */ = {isa = PBXFileReference; lastKnownFileType = wrapper.framework; name = UIKit.framework; path = System/Library/Frameworks/UIKit.framework; sourceTree = SDKROOT; };
		1589630C153F7C6D0045CA67 /* Foundation.framework */ = {isa = PBXFileReference; lastKnownFileType = wrapper.framework; name = Foundation.framework; path = System/Library/Frameworks/Foundation.framework; sourceTree = SDKROOT; };
		1589630E153F7C6D0045CA67 /* CoreGraphics.framework */ = {isa = PBXFileReference; lastKnownFileType = wrapper.framework; name = CoreGraphics.framework; path = System/Library/Frameworks/CoreGraphics.framework; sourceTree = SDKROOT; };
		15896312153F7C6D0045CA67 /* Week3-Info.plist */ = {isa = PBXFileReference; lastKnownFileType = text.plist.xml; path = "Week3-Info.plist"; sourceTree = "<group>"; };
		15896314153F7C6D0045CA67 /* en */ = {isa = PBXFileReference; lastKnownFileType = text.plist.strings; name = en; path = en.lproj/InfoPlist.strings; sourceTree = "<group>"; };
		15896316153F7C6D0045CA67 /* main.m */ = {isa = PBXFileReference; lastKnownFileType = sourcecode.c.objc; path = main.m; sourceTree = "<group>"; };
		15896318153F7C6D0045CA67 /* Week3-Prefix.pch */ = {isa = PBXFileReference; lastKnownFileType = sourcecode.c.h; path = "Week3-Prefix.pch"; sourceTree = "<group>"; };
		15896319153F7C6D0045CA67 /* Week3AppDelegate.h */ = {isa = PBXFileReference; lastKnownFileType = sourcecode.c.h; path = Week3AppDelegate.h; sourceTree = "<group>"; };
		1589631A153F7C6D0045CA67 /* Week3AppDelegate.m */ = {isa = PBXFileReference; lastKnownFileType = sourcecode.c.objc; path = Week3AppDelegate.m; sourceTree = "<group>"; };
		1589631C153F7C6D0045CA67 /* Week3ViewController.h */ = {isa = PBXFileReference; lastKnownFileType = sourcecode.c.h; path = Week3ViewController.h; sourceTree = "<group>"; };
		1589631D153F7C6D0045CA67 /* Week3ViewController.m */ = {isa = PBXFileReference; lastKnownFileType = sourcecode.c.objc; path = Week3ViewController.m; sourceTree = "<group>"; };
		15896320153F7C6D0045CA67 /* en */ = {isa = PBXFileReference; lastKnownFileType = file.xib; name = en; path = en.lproj/Week3ViewController_iPhone.xib; sourceTree = "<group>"; };
		15896323153F7C6D0045CA67 /* en */ = {isa = PBXFileReference; lastKnownFileType = file.xib; name = en; path = en.lproj/Week3ViewController_iPad.xib; sourceTree = "<group>"; };
/* End PBXFileReference section */

/* Begin PBXFrameworksBuildPhase section */
		15896303153F7C6C0045CA67 /* Frameworks */ = {
			isa = PBXFrameworksBuildPhase;
			buildActionMask = 2147483647;
			files = (
				1589630B153F7C6D0045CA67 /* UIKit.framework in Frameworks */,
				1589630D153F7C6D0045CA67 /* Foundation.framework in Frameworks */,
				1589630F153F7C6D0045CA67 /* CoreGraphics.framework in Frameworks */,
			);
			runOnlyForDeploymentPostprocessing = 0;
		};
/* End PBXFrameworksBuildPhase section */

/* Begin PBXGroup section */
		158962FB153F7C6C0045CA67 = {
			isa = PBXGroup;
			children = (
				15896310153F7C6D0045CA67 /* Week3 */,
				15896309153F7C6D0045CA67 /* Frameworks */,
				15896307153F7C6D0045CA67 /* Products */,
			);
			sourceTree = "<group>";
		};
		15896307153F7C6D0045CA67 /* Products */ = {
			isa = PBXGroup;
			children = (
				15896306153F7C6D0045CA67 /* Week3.app */,
			);
			name = Products;
			sourceTree = "<group>";
		};
		15896309153F7C6D0045CA67 /* Frameworks */ = {
			isa = PBXGroup;
			children = (
				1589630A153F7C6D0045CA67 /* UIKit.framework */,
				1589630C153F7C6D0045CA67 /* Foundation.framework */,
				1589630E153F7C6D0045CA67 /* CoreGraphics.framework */,
			);
			name = Frameworks;
			sourceTree = "<group>";
		};
		15896310153F7C6D0045CA67 /* Week3 */ = {
			isa = PBXGroup;
			children = (
				15896319153F7C6D0045CA67 /* Week3AppDelegate.h */,
				1589631A153F7C6D0045CA67 /* Week3AppDelegate.m */,
				1589631C153F7C6D0045CA67 /* Week3ViewController.h */,
				1589631D153F7C6D0045CA67 /* Week3ViewController.m */,
				1589631F153F7C6D0045CA67 /* Week3ViewController_iPhone.xib */,
				15896322153F7C6D0045CA67 /* Week3ViewController_iPad.xib */,
				15896311153F7C6D0045CA67 /* Supporting Files */,
			);
			path = Week3;
			sourceTree = "<group>";
		};
		15896311153F7C6D0045CA67 /* Supporting Files */ = {
			isa = PBXGroup;
			children = (
				15896312153F7C6D0045CA67 /* Week3-Info.plist */,
				15896313153F7C6D0045CA67 /* InfoPlist.strings */,
				15896316153F7C6D0045CA67 /* main.m */,
				15896318153F7C6D0045CA67 /* Week3-Prefix.pch */,
			);
			name = "Supporting Files";
			sourceTree = "<group>";
		};
/* End PBXGroup section */

/* Begin PBXNativeTarget section */
		15896305153F7C6C0045CA67 /* Week3 */ = {
			isa = PBXNativeTarget;
			buildConfigurationList = 15896327153F7C6D0045CA67 /* Build configuration list for PBXNativeTarget "Week3" */;
			buildPhases = (
				15896302153F7C6C0045CA67 /* Sources */,
				15896303153F7C6C0045CA67 /* Frameworks */,
				15896304153F7C6C0045CA67 /* Resources */,
			);
			buildRules = (
			);
			dependencies = (
			);
			name = Week3;
			productName = Week3;
			productReference = 15896306153F7C6D0045CA67 /* Week3.app */;
			productType = "com.apple.product-type.application";
		};
/* End PBXNativeTarget section */

/* Begin PBXProject section */
		158962FD153F7C6C0045CA67 /* Project object */ = {
			isa = PBXProject;
			attributes = {
				LastUpgradeCheck = 0420;
			};
			buildConfigurationList = 15896300153F7C6C0045CA67 /* Build configuration list for PBXProject "Week3" */;
			compatibilityVersion = "Xcode 3.2";
			developmentRegion = English;
			hasScannedForEncodings = 0;
			knownRegions = (
				en,
			);
			mainGroup = 158962FB153F7C6C0045CA67;
			productRefGroup = 15896307153F7C6D0045CA67 /* Products */;
			projectDirPath = "";
			projectRoot = "";
			targets = (
				15896305153F7C6C0045CA67 /* Week3 */,
			);
		};
/* End PBXProject section */

/* Begin PBXResourcesBuildPhase section */
		15896304153F7C6C0045CA67 /* Resources */ = {
			isa = PBXResourcesBuildPhase;
			buildActionMask = 2147483647;
			files = (
				15896315153F7C6D0045CA67 /* InfoPlist.strings in Resources */,
				15896321153F7C6D0045CA67 /* Week3ViewController_iPhone.xib in Resources */,
				15896324153F7C6D0045CA67 /* Week3ViewController_iPad.xib in Resources */,
			);
			runOnlyForDeploymentPostprocessing = 0;
		};
/* End PBXResourcesBuildPhase section */

/* Begin PBXSourcesBuildPhase section */
		15896302153F7C6C0045CA67 /* Sources */ = {
			isa = PBXSourcesBuildPhase;
			buildActionMask = 2147483647;
			files = (
				15896317153F7C6D0045CA67 /* main.m in Sources */,
				1589631B153F7C6D0045CA67 /* Week3AppDelegate.m in Sources */,
				1589631E153F7C6D0045CA67 /* Week3ViewController.m in Sources */,
			);
			runOnlyForDeploymentPostprocessing = 0;
		};
/* End PBXSourcesBuildPhase section */

/* Begin PBXVariantGroup section */
		15896313153F7C6D0045CA67 /* InfoPlist.strings */ = {
			isa = PBXVariantGroup;
			children = (
				15896314153F7C6D0045CA67 /* en */,
			);
			name = InfoPlist.strings;
			sourceTree = "<group>";
		};
		1589631F153F7C6D0045CA67 /* Week3ViewController_iPhone.xib */ = {
			isa = PBXVariantGroup;
			children = (
				15896320153F7C6D0045CA67 /* en */,
			);
			name = Week3ViewController_iPhone.xib;
			sourceTree = "<group>";
		};
		15896322153F7C6D0045CA67 /* Week3ViewController_iPad.xib */ = {
			isa = PBXVariantGroup;
			children = (
				15896323153F7C6D0045CA67 /* en */,
			);
			name = Week3ViewController_iPad.xib;
			sourceTree = "<group>";
		};
/* End PBXVariantGroup section */

/* Begin XCBuildConfiguration section */
		15896325153F7C6D0045CA67 /* Debug */ = {
			isa = XCBuildConfiguration;
			buildSettings = {
				ALWAYS_SEARCH_USER_PATHS = NO;
				ARCHS = "$(ARCHS_STANDARD_32_BIT)";
				CLANG_ENABLE_OBJC_ARC = YES;
				"CODE_SIGN_IDENTITY[sdk=iphoneos*]" = "iPhone Developer";
				COPY_PHASE_STRIP = NO;
				GCC_C_LANGUAGE_STANDARD = gnu99;
				GCC_DYNAMIC_NO_PIC = NO;
				GCC_OPTIMIZATION_LEVEL = 0;
				GCC_PREPROCESSOR_DEFINITIONS = (
					"DEBUG=1",
					"$(inherited)",
				);
				GCC_SYMBOLS_PRIVATE_EXTERN = NO;
				GCC_VERSION = com.apple.compilers.llvm.clang.1_0;
				GCC_WARN_ABOUT_MISSING_PROTOTYPES = YES;
				GCC_WARN_ABOUT_RETURN_TYPE = YES;
				GCC_WARN_UNUSED_VARIABLE = YES;
				IPHONEOS_DEPLOYMENT_TARGET = 5.0;
				SDKROOT = iphoneos;
				TARGETED_DEVICE_FAMILY = "1,2";
			};
			name = Debug;
		};
		15896326153F7C6D0045CA67 /* Release */ = {
			isa = XCBuildConfiguration;
			buildSettings = {
				ALWAYS_SEARCH_USER_PATHS = NO;
				ARCHS = "$(ARCHS_STANDARD_32_BIT)";
				CLANG_ENABLE_OBJC_ARC = YES;
				"CODE_SIGN_IDENTITY[sdk=iphoneos*]" = "iPhone Developer";
				COPY_PHASE_STRIP = YES;
				GCC_C_LANGUAGE_STANDARD = gnu99;
				GCC_VERSION = com.apple.compilers.llvm.clang.1_0;
				GCC_WARN_ABOUT_MISSING_PROTOTYPES = YES;
				GCC_WARN_ABOUT_RETURN_TYPE = YES;
				GCC_WARN_UNUSED_VARIABLE = YES;
				IPHONEOS_DEPLOYMENT_TARGET = 5.0;
				OTHER_CFLAGS = "-DNS_BLOCK_ASSERTIONS=1";
				SDKROOT = iphoneos;
				TARGETED_DEVICE_FAMILY = "1,2";
				VALIDATE_PRODUCT = YES;
			};
			name = Release;
		};
		15896328153F7C6D0045CA67 /* Debug */ = {
			isa = XCBuildConfiguration;
			buildSettings = {
				GCC_PRECOMPILE_PREFIX_HEADER = YES;
				GCC_PREFIX_HEADER = "Week3/Week3-Prefix.pch";
				INFOPLIST_FILE = "Week3/Week3-Info.plist";
				PRODUCT_NAME = "$(TARGET_NAME)";
				WRAPPER_EXTENSION = app;
			};
			name = Debug;
		};
		15896329153F7C6D0045CA67 /* Release */ = {
			isa = XCBuildConfiguration;
			buildSettings = {
				GCC_PRECOMPILE_PREFIX_HEADER = YES;
				GCC_PREFIX_HEADER = "Week3/Week3-Prefix.pch";
				INFOPLIST_FILE = "Week3/Week3-Info.plist";
				PRODUCT_NAME = "$(TARGET_NAME)";
				WRAPPER_EXTENSION = app;
			};
			name = Release;
		};
/* End XCBuildConfiguration section */

/* Begin XCConfigurationList section */
		15896300153F7C6C0045CA67 /* Build configuration list for PBXProject "Week3" */ = {
			isa = XCConfigurationList;
			buildConfigurations = (
				15896325153F7C6D0045CA67 /* Debug */,
				15896326153F7C6D0045CA67 /* Release */,
			);
			defaultConfigurationIsVisible = 0;
			defaultConfigurationName = Release;
		};
		15896327153F7C6D0045CA67 /* Build configuration list for PBXNativeTarget "Week3" */ = {
			isa = XCConfigurationList;
			buildConfigurations = (
				15896328153F7C6D0045CA67 /* Debug */,
				15896329153F7C6D0045CA67 /* Release */,
			);
			defaultConfigurationIsVisible = 0;
		};
/* End XCConfigurationList section */
	};
	rootObject = 158962FD153F7C6C0045CA67 /* Project object */;
}
